
Microsoft Visual Studio Solution File, Format Version 12.00
# Visual Studio Version 17
VisualStudioVersion = 17.8.34511.84
MinimumVisualStudioVersion = 10.0.40219.1
Project("{9A19103F-16F7-4668-BE54-9A1E7A4F7556}") = "bakeryServer.WebApi", "bakeryServer.WebApi\bakeryServer.WebApi.csproj", "{CF12BA82-DF68-4370-8BF8-29E0E8C3CBEF}"
EndProject
Project("{9A19103F-16F7-4668-BE54-9A1E7A4F7556}") = "bakeryServer.Services", "bakeryServer.Services\bakeryServer.Services.csproj", "{4A84B0C1-CD5D-4056-9F86-899879C0FD71}"
EndProject
Global
	GlobalSection(SolutionConfigurationPlatforms) = preSolution
		Debug|Any CPU = Debug|Any CPU
		Release|Any CPU = Release|Any CPU
	EndGlobalSection
	GlobalSection(ProjectConfigurationPlatforms) = postSolution
		{CF12BA82-DF68-4370-8BF8-29E0E8C3CBEF}.Debug|Any CPU.ActiveCfg = Debug|Any CPU
		{CF12BA82-DF68-4370-8BF8-29E0E8C3CBEF}.Debug|Any CPU.Build.0 = Debug|Any CPU
		{CF12BA82-DF68-4370-8BF8-29E0E8C3CBEF}.Release|Any CPU.ActiveCfg = Release|Any CPU
		{CF12BA82-DF68-4370-8BF8-29E0E8C3CBEF}.Release|Any CPU.Build.0 = Release|Any CPU
		{4A84B0C1-CD5D-4056-9F86-899879C0FD71}.Debug|Any CPU.ActiveCfg = Debug|Any CPU
		{4A84B0C1-CD5D-4056-9F86-899879C0FD71}.Debug|Any CPU.Build.0 = Debug|Any CPU
		{4A84B0C1-CD5D-4056-9F86-899879C0FD71}.Release|Any CPU.ActiveCfg = Release|Any CPU
		{4A84B0C1-CD5D-4056-9F86-899879C0FD71}.Release|Any CPU.Build.0 = Release|Any CPU
	EndGlobalSection
	GlobalSection(SolutionProperties) = preSolution
		HideSolutionNode = FALSE
	EndGlobalSection
	GlobalSection(ExtensibilityGlobals) = postSolution
		SolutionGuid = {9B1D5FD7-65EF-41BA-BC74-002D41FD1536}
	EndGlobalSection
EndGlobal
